// !$*UTF8*$!
{
	archiveVersion = 1;
	classes = {
	};
	objectVersion = 50;
	objects = {

/* Begin PBXBuildFile section */
		840EDC8E24EF66F0004A731C /* AppDelegate.swift in Sources */ = {isa = PBXBuildFile; fileRef = 840EDC8D24EF66F0004A731C /* AppDelegate.swift */; };
		840EDC9224EF66F0004A731C /* NewFeedsViewController.swift in Sources */ = {isa = PBXBuildFile; fileRef = 840EDC9124EF66F0004A731C /* NewFeedsViewController.swift */; };
		840EDC9524EF66F0004A731C /* Main.storyboard in Resources */ = {isa = PBXBuildFile; fileRef = 840EDC9324EF66F0004A731C /* Main.storyboard */; };
		840EDC9724EF66F3004A731C /* Assets.xcassets in Resources */ = {isa = PBXBuildFile; fileRef = 840EDC9624EF66F3004A731C /* Assets.xcassets */; };
		840EDC9A24EF66F3004A731C /* LaunchScreen.storyboard in Resources */ = {isa = PBXBuildFile; fileRef = 840EDC9824EF66F3004A731C /* LaunchScreen.storyboard */; };
		840EDCAA24EFC180004A731C /* Post.swift in Sources */ = {isa = PBXBuildFile; fileRef = 840EDCA924EFC180004A731C /* Post.swift */; };
		84194DC224F511AE00AF7D5E /* Comment.swift in Sources */ = {isa = PBXBuildFile; fileRef = 84194DC124F511AE00AF7D5E /* Comment.swift */; };
		84194DC424F511EA00AF7D5E /* User.swift in Sources */ = {isa = PBXBuildFile; fileRef = 84194DC324F511EA00AF7D5E /* User.swift */; };
		84194DC624F5124D00AF7D5E /* DataHelper.swift in Sources */ = {isa = PBXBuildFile; fileRef = 84194DC524F5124C00AF7D5E /* DataHelper.swift */; };
		842967CD24F64786005C314B /* CommentTableViewCell.swift in Sources */ = {isa = PBXBuildFile; fileRef = 842967CC24F64786005C314B /* CommentTableViewCell.swift */; };
		842967D124F647C3005C314B /* MoreCommentTableViewCell.swift in Sources */ = {isa = PBXBuildFile; fileRef = 842967D024F647C3005C314B /* MoreCommentTableViewCell.swift */; };
		842967FC24F6741D005C314B /* PostTableViewCell.swift in Sources */ = {isa = PBXBuildFile; fileRef = 842967FA24F6741D005C314B /* PostTableViewCell.swift */; };
		842967FD24F6741D005C314B /* PostTableViewCell.xib in Resources */ = {isa = PBXBuildFile; fileRef = 842967FB24F6741D005C314B /* PostTableViewCell.xib */; };
		8436E1A224F22226000FE1CA /* DetailViewController.swift in Sources */ = {isa = PBXBuildFile; fileRef = 8436E1A124F22226000FE1CA /* DetailViewController.swift */; };
/* End PBXBuildFile section */

/* Begin PBXFileReference section */
		840EDC8A24EF66F0004A731C /* DemoNewFeeds.app */ = {isa = PBXFileReference; explicitFileType = wrapper.application; includeInIndex = 0; path = DemoNewFeeds.app; sourceTree = BUILT_PRODUCTS_DIR; };
		840EDC8D24EF66F0004A731C /* AppDelegate.swift */ = {isa = PBXFileReference; lastKnownFileType = sourcecode.swift; path = AppDelegate.swift; sourceTree = "<group>"; };
		840EDC9124EF66F0004A731C /* NewFeedsViewController.swift */ = {isa = PBXFileReference; lastKnownFileType = sourcecode.swift; path = NewFeedsViewController.swift; sourceTree = "<group>"; };
		840EDC9424EF66F0004A731C /* Base */ = {isa = PBXFileReference; lastKnownFileType = file.storyboard; name = Base; path = Base.lproj/Main.storyboard; sourceTree = "<group>"; };
		840EDC9624EF66F3004A731C /* Assets.xcassets */ = {isa = PBXFileReference; lastKnownFileType = folder.assetcatalog; path = Assets.xcassets; sourceTree = "<group>"; };
		840EDC9924EF66F3004A731C /* Base */ = {isa = PBXFileReference; lastKnownFileType = file.storyboard; name = Base; path = Base.lproj/LaunchScreen.storyboard; sourceTree = "<group>"; };
		840EDC9B24EF66F3004A731C /* Info.plist */ = {isa = PBXFileReference; lastKnownFileType = text.plist.xml; path = Info.plist; sourceTree = "<group>"; };
		840EDCA924EFC180004A731C /* Post.swift */ = {isa = PBXFileReference; lastKnownFileType = sourcecode.swift; path = Post.swift; sourceTree = "<group>"; };
		84194DC124F511AE00AF7D5E /* Comment.swift */ = {isa = PBXFileReference; lastKnownFileType = sourcecode.swift; path = Comment.swift; sourceTree = "<group>"; };
		84194DC324F511EA00AF7D5E /* User.swift */ = {isa = PBXFileReference; lastKnownFileType = sourcecode.swift; path = User.swift; sourceTree = "<group>"; };
		84194DC524F5124C00AF7D5E /* DataHelper.swift */ = {isa = PBXFileReference; lastKnownFileType = sourcecode.swift; path = DataHelper.swift; sourceTree = "<group>"; };
		842967CC24F64786005C314B /* CommentTableViewCell.swift */ = {isa = PBXFileReference; lastKnownFileType = sourcecode.swift; path = CommentTableViewCell.swift; sourceTree = "<group>"; };
		842967D024F647C3005C314B /* MoreCommentTableViewCell.swift */ = {isa = PBXFileReference; lastKnownFileType = sourcecode.swift; path = MoreCommentTableViewCell.swift; sourceTree = "<group>"; };
		842967FA24F6741D005C314B /* PostTableViewCell.swift */ = {isa = PBXFileReference; lastKnownFileType = sourcecode.swift; path = PostTableViewCell.swift; sourceTree = "<group>"; };
		842967FB24F6741D005C314B /* PostTableViewCell.xib */ = {isa = PBXFileReference; lastKnownFileType = file.xib; path = PostTableViewCell.xib; sourceTree = "<group>"; };
		8436E1A124F22226000FE1CA /* DetailViewController.swift */ = {isa = PBXFileReference; lastKnownFileType = sourcecode.swift; path = DetailViewController.swift; sourceTree = "<group>"; };
/* End PBXFileReference section */

/* Begin PBXFrameworksBuildPhase section */
		840EDC8724EF66F0004A731C /* Frameworks */ = {
			isa = PBXFrameworksBuildPhase;
			buildActionMask = 2147483647;
			files = (
			);
			runOnlyForDeploymentPostprocessing = 0;
		};
/* End PBXFrameworksBuildPhase section */

/* Begin PBXGroup section */
		840EDC8124EF66F0004A731C = {
			isa = PBXGroup;
			children = (
				840EDC8C24EF66F0004A731C /* DemoNewFeeds */,
				840EDC8B24EF66F0004A731C /* Products */,
			);
			sourceTree = "<group>";
		};
		840EDC8B24EF66F0004A731C /* Products */ = {
			isa = PBXGroup;
			children = (
				840EDC8A24EF66F0004A731C /* DemoNewFeeds.app */,
			);
			name = Products;
			sourceTree = "<group>";
		};
		840EDC8C24EF66F0004A731C /* DemoNewFeeds */ = {
			isa = PBXGroup;
			children = (
				842967CA24F64457005C314B /* Utilities */,
				842967C924F64412005C314B /* Models */,
				842967C824F643EF005C314B /* Views */,
				842967C724F643C9005C314B /* ViewController */,
				840EDC8D24EF66F0004A731C /* AppDelegate.swift */,
				840EDC9324EF66F0004A731C /* Main.storyboard */,
				840EDC9624EF66F3004A731C /* Assets.xcassets */,
				840EDC9824EF66F3004A731C /* LaunchScreen.storyboard */,
				840EDC9B24EF66F3004A731C /* Info.plist */,
			);
			path = DemoNewFeeds;
			sourceTree = "<group>";
		};
		842967C724F643C9005C314B /* ViewController */ = {
			isa = PBXGroup;
			children = (
				8436E1A124F22226000FE1CA /* DetailViewController.swift */,
				840EDC9124EF66F0004A731C /* NewFeedsViewController.swift */,
			);
			path = ViewController;
			sourceTree = "<group>";
		};
		842967C824F643EF005C314B /* Views */ = {
			isa = PBXGroup;
			children = (
				842967FA24F6741D005C314B /* PostTableViewCell.swift */,
				842967FB24F6741D005C314B /* PostTableViewCell.xib */,
				842967CC24F64786005C314B /* CommentTableViewCell.swift */,
				842967D024F647C3005C314B /* MoreCommentTableViewCell.swift */,
			);
			path = Views;
			sourceTree = "<group>";
		};
		842967C924F64412005C314B /* Models */ = {
			isa = PBXGroup;
			children = (
				84194DC324F511EA00AF7D5E /* User.swift */,
				84194DC124F511AE00AF7D5E /* Comment.swift */,
				840EDCA924EFC180004A731C /* Post.swift */,
			);
			path = Models;
			sourceTree = "<group>";
		};
		842967CA24F64457005C314B /* Utilities */ = {
			isa = PBXGroup;
			children = (
				842967CB24F644A7005C314B /* Helpers */,
			);
			path = Utilities;
			sourceTree = "<group>";
		};
		842967CB24F644A7005C314B /* Helpers */ = {
			isa = PBXGroup;
			children = (
				84194DC524F5124C00AF7D5E /* DataHelper.swift */,
			);
			path = Helpers;
			sourceTree = "<group>";
		};
/* End PBXGroup section */

/* Begin PBXNativeTarget section */
		840EDC8924EF66F0004A731C /* DemoNewFeeds */ = {
			isa = PBXNativeTarget;
			buildConfigurationList = 840EDC9E24EF66F3004A731C /* Build configuration list for PBXNativeTarget "DemoNewFeeds" */;
			buildPhases = (
				840EDC8624EF66F0004A731C /* Sources */,
				840EDC8724EF66F0004A731C /* Frameworks */,
				840EDC8824EF66F0004A731C /* Resources */,
			);
			buildRules = (
			);
			dependencies = (
			);
			name = DemoNewFeeds;
			productName = DemoNewFeeds;
			productReference = 840EDC8A24EF66F0004A731C /* DemoNewFeeds.app */;
			productType = "com.apple.product-type.application";
		};
/* End PBXNativeTarget section */

/* Begin PBXProject section */
		840EDC8224EF66F0004A731C /* Project object */ = {
			isa = PBXProject;
			attributes = {
				LastSwiftUpdateCheck = 1160;
				LastUpgradeCheck = 1160;
				ORGANIZATIONNAME = quannh;
				TargetAttributes = {
					840EDC8924EF66F0004A731C = {
						CreatedOnToolsVersion = 11.6;
					};
				};
			};
			buildConfigurationList = 840EDC8524EF66F0004A731C /* Build configuration list for PBXProject "DemoNewFeeds" */;
			compatibilityVersion = "Xcode 9.3";
			developmentRegion = en;
			hasScannedForEncodings = 0;
			knownRegions = (
				en,
				Base,
			);
			mainGroup = 840EDC8124EF66F0004A731C;
			productRefGroup = 840EDC8B24EF66F0004A731C /* Products */;
			projectDirPath = "";
			projectRoot = "";
			targets = (
				840EDC8924EF66F0004A731C /* DemoNewFeeds */,
			);
		};
/* End PBXProject section */

/* Begin PBXResourcesBuildPhase section */
		840EDC8824EF66F0004A731C /* Resources */ = {
			isa = PBXResourcesBuildPhase;
			buildActionMask = 2147483647;
			files = (
				840EDC9A24EF66F3004A731C /* LaunchScreen.storyboard in Resources */,
				842967FD24F6741D005C314B /* PostTableViewCell.xib in Resources */,
				840EDC9724EF66F3004A731C /* Assets.xcassets in Resources */,
				840EDC9524EF66F0004A731C /* Main.storyboard in Resources */,
			);
			runOnlyForDeploymentPostprocessing = 0;
		};
/* End PBXResourcesBuildPhase section */

/* Begin PBXSourcesBuildPhase section */
		840EDC8624EF66F0004A731C /* Sources */ = {
			isa = PBXSourcesBuildPhase;
			buildActionMask = 2147483647;
			files = (
				84194DC624F5124D00AF7D5E /* DataHelper.swift in Sources */,
				842967D124F647C3005C314B /* MoreCommentTableViewCell.swift in Sources */,
				840EDC9224EF66F0004A731C /* NewFeedsViewController.swift in Sources */,
				840EDCAA24EFC180004A731C /* Post.swift in Sources */,
				84194DC224F511AE00AF7D5E /* Comment.swift in Sources */,
				84194DC424F511EA00AF7D5E /* User.swift in Sources */,
				840EDC8E24EF66F0004A731C /* AppDelegate.swift in Sources */,
				842967CD24F64786005C314B /* CommentTableViewCell.swift in Sources */,
				8436E1A224F22226000FE1CA /* DetailViewController.swift in Sources */,
				842967FC24F6741D005C314B /* PostTableViewCell.swift in Sources */,
			);
			runOnlyForDeploymentPostprocessing = 0;
		};
/* End PBXSourcesBuildPhase section */

/* Begin PBXVariantGroup section */
		840EDC9324EF66F0004A731C /* Main.storyboard */ = {
			isa = PBXVariantGroup;
			children = (
				840EDC9424EF66F0004A731C /* Base */,
			);
			name = Main.storyboard;
			sourceTree = "<group>";
		};
		840EDC9824EF66F3004A731C /* LaunchScreen.storyboard */ = {
			isa = PBXVariantGroup;
			children = (
				840EDC9924EF66F3004A731C /* Base */,
			);
			name = LaunchScreen.storyboard;
			sourceTree = "<group>";
		};
/* End PBXVariantGroup section */

/* Begin XCBuildConfiguration section */
		840EDC9C24EF66F3004A731C /* Debug */ = {
			isa = XCBuildConfiguration;
			buildSettings = {
				ALWAYS_SEARCH_USER_PATHS = NO;
				CLANG_ANALYZER_NONNULL = YES;
				CLANG_ANALYZER_NUMBER_OBJECT_CONVERSION = YES_AGGRESSIVE;
				CLANG_CXX_LANGUAGE_STANDARD = "gnu++14";
				CLANG_CXX_LIBRARY = "libc++";
				CLANG_ENABLE_MODULES = YES;
				CLANG_ENABLE_OBJC_ARC = YES;
				CLANG_ENABLE_OBJC_WEAK = YES;
				CLANG_WARN_BLOCK_CAPTURE_AUTORELEASING = YES;
				CLANG_WARN_BOOL_CONVERSION = YES;
				CLANG_WARN_COMMA = YES;
				CLANG_WARN_CONSTANT_CONVERSION = YES;
				CLANG_WARN_DEPRECATED_OBJC_IMPLEMENTATIONS = YES;
				CLANG_WARN_DIRECT_OBJC_ISA_USAGE = YES_ERROR;
				CLANG_WARN_DOCUMENTATION_COMMENTS = YES;
				CLANG_WARN_EMPTY_BODY = YES;
				CLANG_WARN_ENUM_CONVERSION = YES;
				CLANG_WARN_INFINITE_RECURSION = YES;
				CLANG_WARN_INT_CONVERSION = YES;
				CLANG_WARN_NON_LITERAL_NULL_CONVERSION = YES;
				CLANG_WARN_OBJC_IMPLICIT_RETAIN_SELF = YES;
				CLANG_WARN_OBJC_LITERAL_CONVERSION = YES;
				CLANG_WARN_OBJC_ROOT_CLASS = YES_ERROR;
				CLANG_WARN_RANGE_LOOP_ANALYSIS = YES;
				CLANG_WARN_STRICT_PROTOTYPES = YES;
				CLANG_WARN_SUSPICIOUS_MOVE = YES;
				CLANG_WARN_UNGUARDED_AVAILABILITY = YES_AGGRESSIVE;
				CLANG_WARN_UNREACHABLE_CODE = YES;
				CLANG_WARN__DUPLICATE_METHOD_MATCH = YES;
				COPY_PHASE_STRIP = NO;
				DEBUG_INFORMATION_FORMAT = dwarf;
				ENABLE_STRICT_OBJC_MSGSEND = YES;
				ENABLE_TESTABILITY = YES;
				GCC_C_LANGUAGE_STANDARD = gnu11;
				GCC_DYNAMIC_NO_PIC = NO;
				GCC_NO_COMMON_BLOCKS = YES;
				GCC_OPTIMIZATION_LEVEL = 0;
				GCC_PREPROCESSOR_DEFINITIONS = (
					"DEBUG=1",
					"$(inherited)",
				);
				GCC_WARN_64_TO_32_BIT_CONVERSION = YES;
				GCC_WARN_ABOUT_RETURN_TYPE = YES_ERROR;
				GCC_WARN_UNDECLARED_SELECTOR = YES;
				GCC_WARN_UNINITIALIZED_AUTOS = YES_AGGRESSIVE;
				GCC_WARN_UNUSED_FUNCTION = YES;
				GCC_WARN_UNUSED_VARIABLE = YES;
				IPHONEOS_DEPLOYMENT_TARGET = 13.6;
				MTL_ENABLE_DEBUG_INFO = INCLUDE_SOURCE;
				MTL_FAST_MATH = YES;
				ONLY_ACTIVE_ARCH = YES;
				SDKROOT = iphoneos;
				SWIFT_ACTIVE_COMPILATION_CONDITIONS = DEBUG;
				SWIFT_OPTIMIZATION_LEVEL = "-Onone";
			};
			name = Debug;
		};
		840EDC9D24EF66F3004A731C /* Release */ = {
			isa = XCBuildConfiguration;
			buildSettings = {
				ALWAYS_SEARCH_USER_PATHS = NO;
				CLANG_ANALYZER_NONNULL = YES;
				CLANG_ANALYZER_NUMBER_OBJECT_CONVERSION = YES_AGGRESSIVE;
				CLANG_CXX_LANGUAGE_STANDARD = "gnu++14";
				CLANG_CXX_LIBRARY = "libc++";
				CLANG_ENABLE_MODULES = YES;
				CLANG_ENABLE_OBJC_ARC = YES;
				CLANG_ENABLE_OBJC_WEAK = YES;
				CLANG_WARN_BLOCK_CAPTURE_AUTORELEASING = YES;
				CLANG_WARN_BOOL_CONVERSION = YES;
				CLANG_WARN_COMMA = YES;
				CLANG_WARN_CONSTANT_CONVERSION = YES;
				CLANG_WARN_DEPRECATED_OBJC_IMPLEMENTATIONS = YES;
				CLANG_WARN_DIRECT_OBJC_ISA_USAGE = YES_ERROR;
				CLANG_WARN_DOCUMENTATION_COMMENTS = YES;
				CLANG_WARN_EMPTY_BODY = YES;
				CLANG_WARN_ENUM_CONVERSION = YES;
				CLANG_WARN_INFINITE_RECURSION = YES;
				CLANG_WARN_INT_CONVERSION = YES;
				CLANG_WARN_NON_LITERAL_NULL_CONVERSION = YES;
				CLANG_WARN_OBJC_IMPLICIT_RETAIN_SELF = YES;
				CLANG_WARN_OBJC_LITERAL_CONVERSION = YES;
				CLANG_WARN_OBJC_ROOT_CLASS = YES_ERROR;
				CLANG_WARN_RANGE_LOOP_ANALYSIS = YES;
				CLANG_WARN_STRICT_PROTOTYPES = YES;
				CLANG_WARN_SUSPICIOUS_MOVE = YES;
				CLANG_WARN_UNGUARDED_AVAILABILITY = YES_AGGRESSIVE;
				CLANG_WARN_UNREACHABLE_CODE = YES;
				CLANG_WARN__DUPLICATE_METHOD_MATCH = YES;
				COPY_PHASE_STRIP = NO;
				DEBUG_INFORMATION_FORMAT = "dwarf-with-dsym";
				ENABLE_NS_ASSERTIONS = NO;
				ENABLE_STRICT_OBJC_MSGSEND = YES;
				GCC_C_LANGUAGE_STANDARD = gnu11;
				GCC_NO_COMMON_BLOCKS = YES;
				GCC_WARN_64_TO_32_BIT_CONVERSION = YES;
				GCC_WARN_ABOUT_RETURN_TYPE = YES_ERROR;
				GCC_WARN_UNDECLARED_SELECTOR = YES;
				GCC_WARN_UNINITIALIZED_AUTOS = YES_AGGRESSIVE;
				GCC_WARN_UNUSED_FUNCTION = YES;
				GCC_WARN_UNUSED_VARIABLE = YES;
				IPHONEOS_DEPLOYMENT_TARGET = 13.6;
				MTL_ENABLE_DEBUG_INFO = NO;
				MTL_FAST_MATH = YES;
				SDKROOT = iphoneos;
				SWIFT_COMPILATION_MODE = wholemodule;
				SWIFT_OPTIMIZATION_LEVEL = "-O";
				VALIDATE_PRODUCT = YES;
			};
			name = Release;
		};
		840EDC9F24EF66F3004A731C /* Debug */ = {
			isa = XCBuildConfiguration;
			buildSettings = {
				ASSETCATALOG_COMPILER_APPICON_NAME = AppIcon;
				CODE_SIGN_STYLE = Automatic;
				DEVELOPMENT_TEAM = 6A5Q78PXHC;
				INFOPLIST_FILE = DemoNewFeeds/Info.plist;
				IPHONEOS_DEPLOYMENT_TARGET = 11.0;
				LD_RUNPATH_SEARCH_PATHS = (
					"$(inherited)",
					"@executable_path/Frameworks",
				);
				PRODUCT_BUNDLE_IDENTIFIER = com.macos.DemoNewFeeds;
				PRODUCT_NAME = "$(TARGET_NAME)";
				SWIFT_VERSION = 5.0;
				TARGETED_DEVICE_FAMILY = "1,2";
			};
			name = Debug;
		};
		840EDCA024EF66F3004A731C /* Release */ = {
			isa = XCBuildConfiguration;
			buildSettings = {
				ASSETCATALOG_COMPILER_APPICON_NAME = AppIcon;
				CODE_SIGN_STYLE = Automatic;
				DEVELOPMENT_TEAM = 6A5Q78PXHC;
				INFOPLIST_FILE = DemoNewFeeds/Info.plist;
				IPHONEOS_DEPLOYMENT_TARGET = 11.0;
				LD_RUNPATH_SEARCH_PATHS = (
					"$(inherited)",
					"@executable_path/Frameworks",
				);
				PRODUCT_BUNDLE_IDENTIFIER = com.macos.DemoNewFeeds;
				PRODUCT_NAME = "$(TARGET_NAME)";
				SWIFT_VERSION = 5.0;
				TARGETED_DEVICE_FAMILY = "1,2";
			};
			name = Release;
		};
/* End XCBuildConfiguration section */

/* Begin XCConfigurationList section */
		840EDC8524EF66F0004A731C /* Build configuration list for PBXProject "DemoNewFeeds" */ = {
			isa = XCConfigurationList;
			buildConfigurations = (
				840EDC9C24EF66F3004A731C /* Debug */,
				840EDC9D24EF66F3004A731C /* Release */,
			);
			defaultConfigurationIsVisible = 0;
			defaultConfigurationName = Release;
		};
		840EDC9E24EF66F3004A731C /* Build configuration list for PBXNativeTarget "DemoNewFeeds" */ = {
			isa = XCConfigurationList;
			buildConfigurations = (
				840EDC9F24EF66F3004A731C /* Debug */,
				840EDCA024EF66F3004A731C /* Release */,
			);
			defaultConfigurationIsVisible = 0;
			defaultConfigurationName = Release;
		};
/* End XCConfigurationList section */
	};
	rootObject = 840EDC8224EF66F0004A731C /* Project object */;
}
